
Microsoft Visual Studio Solution File, Format Version 9.00
# Visual C# Express 2005
Project("{FAE04EC0-301F-11D3-BF4B-00C04F79EFBC}") = "Bruteus", "Bruteus\Bruteus.csproj", "{7C7ADC6B-0853-4801-8918-3A092332AA9D}"
EndProject
Global
	GlobalSection(SolutionConfigurationPlatforms) = preSolution
		Debug|Any CPU = Debug|Any CPU
		Release|Any CPU = Release|Any CPU
	EndGlobalSection
	GlobalSection(ProjectConfigurationPlatforms) = postSolution
		{7C7ADC6B-0853-4801-8918-3A092332AA9D}.Debug|Any CPU.ActiveCfg = Debug|Any CPU
		{7C7ADC6B-0853-4801-8918-3A092332AA9D}.Debug|Any CPU.Build.0 = Debug|Any CPU
		{7C7ADC6B-0853-4801-8918-3A092332AA9D}.Release|Any CPU.ActiveCfg = Release|Any CPU
		{7C7ADC6B-0853-4801-8918-3A092332AA9D}.Release|Any CPU.Build.0 = Release|Any CPU
	EndGlobalSection
	GlobalSection(SolutionProperties) = preSolution
		HideSolutionNode = FALSE
	EndGlobalSection
EndGlobal
